// !$*UTF8*$!
{
	archiveVersion = 1;
	classes = {
	};
	objectVersion = 46;
	objects = {

/* Begin PBXBuildFile section */
		93FBEC0F9FB5C1F6A170CD27 /* libPods.a in Frameworks */ = {isa = PBXBuildFile; fileRef = E3547644B5CC57DAC93F853C /* libPods.a */; };
		DA3FB3D41C0355FF00B2F206 /* .gitkeep in Resources */ = {isa = PBXBuildFile; fileRef = DA3FB39B1C0355FE00B2F206 /* .gitkeep */; };
		DA3FB3D51C0355FF00B2F206 /* ImageError.png in Resources */ = {isa = PBXBuildFile; fileRef = DA3FB39C1C0355FE00B2F206 /* ImageError.png */; };
		DA3FB3D61C0355FF00B2F206 /* ImageError@2x.png in Resources */ = {isa = PBXBuildFile; fileRef = DA3FB39D1C0355FE00B2F206 /* ImageError@2x.png */; };
		DA3FB3D71C0355FF00B2F206 /* ImageError@3x.png in Resources */ = {isa = PBXBuildFile; fileRef = DA3FB39E1C0355FE00B2F206 /* ImageError@3x.png */; };
		DA3FB3D81C0355FF00B2F206 /* ImageSelectedOff.png in Resources */ = {isa = PBXBuildFile; fileRef = DA3FB39F1C0355FE00B2F206 /* ImageSelectedOff.png */; };
		DA3FB3D91C0355FF00B2F206 /* ImageSelectedOff@2x.png in Resources */ = {isa = PBXBuildFile; fileRef = DA3FB3A01C0355FE00B2F206 /* ImageSelectedOff@2x.png */; };
		DA3FB3DA1C0355FF00B2F206 /* ImageSelectedOff@3x.png in Resources */ = {isa = PBXBuildFile; fileRef = DA3FB3A11C0355FE00B2F206 /* ImageSelectedOff@3x.png */; };
		DA3FB3DB1C0355FF00B2F206 /* ImageSelectedOn.png in Resources */ = {isa = PBXBuildFile; fileRef = DA3FB3A21C0355FE00B2F206 /* ImageSelectedOn.png */; };
		DA3FB3DC1C0355FF00B2F206 /* ImageSelectedOn@2x.png in Resources */ = {isa = PBXBuildFile; fileRef = DA3FB3A31C0355FE00B2F206 /* ImageSelectedOn@2x.png */; };
		DA3FB3DD1C0355FF00B2F206 /* ImageSelectedOn@3x.png in Resources */ = {isa = PBXBuildFile; fileRef = DA3FB3A41C0355FE00B2F206 /* ImageSelectedOn@3x.png */; };
		DA3FB3DE1C0355FF00B2F206 /* ImageSelectedSmallOff.png in Resources */ = {isa = PBXBuildFile; fileRef = DA3FB3A51C0355FE00B2F206 /* ImageSelectedSmallOff.png */; };
		DA3FB3DF1C0355FF00B2F206 /* ImageSelectedSmallOff@2x.png in Resources */ = {isa = PBXBuildFile; fileRef = DA3FB3A61C0355FE00B2F206 /* ImageSelectedSmallOff@2x.png */; };
		DA3FB3E01C0355FF00B2F206 /* ImageSelectedSmallOff@3x.png in Resources */ = {isa = PBXBuildFile; fileRef = DA3FB3A71C0355FE00B2F206 /* ImageSelectedSmallOff@3x.png */; };
		DA3FB3E11C0355FF00B2F206 /* ImageSelectedSmallOn.png in Resources */ = {isa = PBXBuildFile; fileRef = DA3FB3A81C0355FE00B2F206 /* ImageSelectedSmallOn.png */; };
		DA3FB3E21C0355FF00B2F206 /* ImageSelectedSmallOn@2x.png in Resources */ = {isa = PBXBuildFile; fileRef = DA3FB3A91C0355FE00B2F206 /* ImageSelectedSmallOn@2x.png */; };
		DA3FB3E31C0355FF00B2F206 /* ImageSelectedSmallOn@3x.png in Resources */ = {isa = PBXBuildFile; fileRef = DA3FB3AA1C0355FE00B2F206 /* ImageSelectedSmallOn@3x.png */; };
		DA3FB3E41C0355FF00B2F206 /* PlayButtonOverlayLarge.png in Resources */ = {isa = PBXBuildFile; fileRef = DA3FB3AB1C0355FE00B2F206 /* PlayButtonOverlayLarge.png */; };
		DA3FB3E51C0355FF00B2F206 /* PlayButtonOverlayLarge@2x.png in Resources */ = {isa = PBXBuildFile; fileRef = DA3FB3AC1C0355FE00B2F206 /* PlayButtonOverlayLarge@2x.png */; };
		DA3FB3E61C0355FF00B2F206 /* PlayButtonOverlayLarge@3x.png in Resources */ = {isa = PBXBuildFile; fileRef = DA3FB3AD1C0355FE00B2F206 /* PlayButtonOverlayLarge@3x.png */; };
		DA3FB3E71C0355FF00B2F206 /* PlayButtonOverlayLargeTap.png in Resources */ = {isa = PBXBuildFile; fileRef = DA3FB3AE1C0355FE00B2F206 /* PlayButtonOverlayLargeTap.png */; };
		DA3FB3E81C0355FF00B2F206 /* PlayButtonOverlayLargeTap@2x.png in Resources */ = {isa = PBXBuildFile; fileRef = DA3FB3AF1C0355FE00B2F206 /* PlayButtonOverlayLargeTap@2x.png */; };
		DA3FB3E91C0355FF00B2F206 /* PlayButtonOverlayLargeTap@3x.png in Resources */ = {isa = PBXBuildFile; fileRef = DA3FB3B01C0355FE00B2F206 /* PlayButtonOverlayLargeTap@3x.png */; };
		DA3FB3EA1C0355FF00B2F206 /* UIBarButtonItemArrowLeft.png in Resources */ = {isa = PBXBuildFile; fileRef = DA3FB3B11C0355FE00B2F206 /* UIBarButtonItemArrowLeft.png */; };
		DA3FB3EB1C0355FF00B2F206 /* UIBarButtonItemArrowLeft@2x.png in Resources */ = {isa = PBXBuildFile; fileRef = DA3FB3B21C0355FE00B2F206 /* UIBarButtonItemArrowLeft@2x.png */; };
		DA3FB3EC1C0355FF00B2F206 /* UIBarButtonItemArrowLeft@3x.png in Resources */ = {isa = PBXBuildFile; fileRef = DA3FB3B31C0355FE00B2F206 /* UIBarButtonItemArrowLeft@3x.png */; };
		DA3FB3ED1C0355FF00B2F206 /* UIBarButtonItemArrowRight.png in Resources */ = {isa = PBXBuildFile; fileRef = DA3FB3B41C0355FE00B2F206 /* UIBarButtonItemArrowRight.png */; };
		DA3FB3EE1C0355FF00B2F206 /* UIBarButtonItemArrowRight@2x.png in Resources */ = {isa = PBXBuildFile; fileRef = DA3FB3B51C0355FE00B2F206 /* UIBarButtonItemArrowRight@2x.png */; };
		DA3FB3EF1C0355FF00B2F206 /* UIBarButtonItemArrowRight@3x.png in Resources */ = {isa = PBXBuildFile; fileRef = DA3FB3B61C0355FE00B2F206 /* UIBarButtonItemArrowRight@3x.png */; };
		DA3FB3F01C0355FF00B2F206 /* UIBarButtonItemGrid.png in Resources */ = {isa = PBXBuildFile; fileRef = DA3FB3B71C0355FE00B2F206 /* UIBarButtonItemGrid.png */; };
		DA3FB3F11C0355FF00B2F206 /* UIBarButtonItemGrid@2x.png in Resources */ = {isa = PBXBuildFile; fileRef = DA3FB3B81C0355FE00B2F206 /* UIBarButtonItemGrid@2x.png */; };
		DA3FB3F21C0355FF00B2F206 /* UIBarButtonItemGrid@3x.png in Resources */ = {isa = PBXBuildFile; fileRef = DA3FB3B91C0355FE00B2F206 /* UIBarButtonItemGrid@3x.png */; };
		DA3FB3F31C0355FF00B2F206 /* VideoOverlay.png in Resources */ = {isa = PBXBuildFile; fileRef = DA3FB3BA1C0355FE00B2F206 /* VideoOverlay.png */; };
		DA3FB3F41C0355FF00B2F206 /* VideoOverlay@2x.png in Resources */ = {isa = PBXBuildFile; fileRef = DA3FB3BB1C0355FE00B2F206 /* VideoOverlay@2x.png */; };
		DA3FB3F51C0355FF00B2F206 /* VideoOverlay@3x.png in Resources */ = {isa = PBXBuildFile; fileRef = DA3FB3BC1C0355FE00B2F206 /* VideoOverlay@3x.png */; };
		DA3FB3F61C0355FF00B2F206 /* .gitkeep in Resources */ = {isa = PBXBuildFile; fileRef = DA3FB3BE1C0355FE00B2F206 /* .gitkeep */; };
		DA3FB3F71C0355FF00B2F206 /* MWCaptionView.m in Sources */ = {isa = PBXBuildFile; fileRef = DA3FB3C01C0355FE00B2F206 /* MWCaptionView.m */; };
		DA3FB3F81C0355FF00B2F206 /* MWGridCell.m in Sources */ = {isa = PBXBuildFile; fileRef = DA3FB3C31C0355FE00B2F206 /* MWGridCell.m */; };
		DA3FB3F91C0355FF00B2F206 /* MWGridViewController.m in Sources */ = {isa = PBXBuildFile; fileRef = DA3FB3C51C0355FF00B2F206 /* MWGridViewController.m */; };
		DA3FB3FA1C0355FF00B2F206 /* MWPhoto.m in Sources */ = {isa = PBXBuildFile; fileRef = DA3FB3C71C0355FF00B2F206 /* MWPhoto.m */; };
		DA3FB3FB1C0355FF00B2F206 /* MWPhotoBrowser.m in Sources */ = {isa = PBXBuildFile; fileRef = DA3FB3C91C0355FF00B2F206 /* MWPhotoBrowser.m */; };
		DA3FB3FC1C0355FF00B2F206 /* MWTapDetectingImageView.m in Sources */ = {isa = PBXBuildFile; fileRef = DA3FB3CD1C0355FF00B2F206 /* MWTapDetectingImageView.m */; };
		DA3FB3FD1C0355FF00B2F206 /* MWTapDetectingView.m in Sources */ = {isa = PBXBuildFile; fileRef = DA3FB3CF1C0355FF00B2F206 /* MWTapDetectingView.m */; };
		DA3FB3FE1C0355FF00B2F206 /* MWZoomingScrollView.m in Sources */ = {isa = PBXBuildFile; fileRef = DA3FB3D11C0355FF00B2F206 /* MWZoomingScrollView.m */; };
		DA3FB3FF1C0355FF00B2F206 /* UIImage+MWPhotoBrowser.m in Sources */ = {isa = PBXBuildFile; fileRef = DA3FB3D31C0355FF00B2F206 /* UIImage+MWPhotoBrowser.m */; };
		DA5AE3E41BFF634E008E598E /* JHCollectionViewReorderableTripletLayout.m in Sources */ = {isa = PBXBuildFile; fileRef = DA5AE3E11BFF634E008E598E /* JHCollectionViewReorderableTripletLayout.m */; };
		DA5AE3E51BFF634E008E598E /* JHCollectionViewTripletLayout.m in Sources */ = {isa = PBXBuildFile; fileRef = DA5AE3E31BFF634E008E598E /* JHCollectionViewTripletLayout.m */; };
		DA7867271B0B845B005414A7 /* TFHpple.m in Sources */ = {isa = PBXBuildFile; fileRef = DA7867221B0B845B005414A7 /* TFHpple.m */; };
		DA7867281B0B845B005414A7 /* TFHppleElement.m in Sources */ = {isa = PBXBuildFile; fileRef = DA7867241B0B845B005414A7 /* TFHppleElement.m */; };
		DA7867291B0B845B005414A7 /* XPathQuery.m in Sources */ = {isa = PBXBuildFile; fileRef = DA7867261B0B845B005414A7 /* XPathQuery.m */; };
		DA78672A1B0B848C005414A7 /* libxml2.dylib in Frameworks */ = {isa = PBXBuildFile; fileRef = DA8560561AF90631005CF033 /* libxml2.dylib */; };
		DA82AFDF1AFE22980088BF7A /* ChannelTree.m in Sources */ = {isa = PBXBuildFile; fileRef = DA82AFDE1AFE22980088BF7A /* ChannelTree.m */; };
		DA82AFE61AFF621E0088BF7A /* WelcomeViewController.m in Sources */ = {isa = PBXBuildFile; fileRef = DA82AFE51AFF621E0088BF7A /* WelcomeViewController.m */; };
		DA855EDD1AF8FFB5005CF033 /* main.m in Sources */ = {isa = PBXBuildFile; fileRef = DA855EDC1AF8FFB5005CF033 /* main.m */; };
		DA855EE01AF8FFB5005CF033 /* AppDelegate.m in Sources */ = {isa = PBXBuildFile; fileRef = DA855EDF1AF8FFB5005CF033 /* AppDelegate.m */; };
		DA855EE61AF8FFB5005CF033 /* Main.storyboard in Resources */ = {isa = PBXBuildFile; fileRef = DA855EE41AF8FFB5005CF033 /* Main.storyboard */; };
		DA855EE81AF8FFB5005CF033 /* lmage.xcassets in Resources */ = {isa = PBXBuildFile; fileRef = DA855EE71AF8FFB5005CF033 /* lmage.xcassets */; };
		DA855EEB1AF8FFB5005CF033 /* LaunchScreen.xib in Resources */ = {isa = PBXBuildFile; fileRef = DA855EE91AF8FFB5005CF033 /* LaunchScreen.xib */; };
		DA855EF71AF8FFB5005CF033 /* ShantouMuseumTests.m in Sources */ = {isa = PBXBuildFile; fileRef = DA855EF61AF8FFB5005CF033 /* ShantouMuseumTests.m */; };
		DA855F041AF903F3005CF033 /* MainViewController.m in Sources */ = {isa = PBXBuildFile; fileRef = DA855F031AF903F3005CF033 /* MainViewController.m */; };
		DA8560591AF9072F005CF033 /* libz.dylib in Frameworks */ = {isa = PBXBuildFile; fileRef = DA8560581AF9072F005CF033 /* libz.dylib */; };
		DA8560671AF90760005CF033 /* AppData.m in Sources */ = {isa = PBXBuildFile; fileRef = DA85605C1AF90760005CF033 /* AppData.m */; };
		DA8560691AF90760005CF033 /* GlobalInstance.m in Sources */ = {isa = PBXBuildFile; fileRef = DA8560621AF90760005CF033 /* GlobalInstance.m */; };
		DA85606A1AF90760005CF033 /* RequestWrapper.m in Sources */ = {isa = PBXBuildFile; fileRef = DA8560641AF90760005CF033 /* RequestWrapper.m */; };
		DA95986E1AFF8B4200D49D42 /* CollectionTripletLayout.m in Sources */ = {isa = PBXBuildFile; fileRef = DA95986D1AFF8B4200D49D42 /* CollectionTripletLayout.m */; };
		DA9598711AFF939E00D49D42 /* Image.m in Sources */ = {isa = PBXBuildFile; fileRef = DA9598701AFF939E00D49D42 /* Image.m */; };
		DA9598741AFF94E500D49D42 /* ContentNode.m in Sources */ = {isa = PBXBuildFile; fileRef = DA9598731AFF94E500D49D42 /* ContentNode.m */; };
		DA95987F1B00FCDD00D49D42 /* TrunkViewController.m in Sources */ = {isa = PBXBuildFile; fileRef = DA95987E1B00FCDD00D49D42 /* TrunkViewController.m */; };
		DA9598AE1B02273E00D49D42 /* LeafListViewController.m in Sources */ = {isa = PBXBuildFile; fileRef = DA9598AD1B02273E00D49D42 /* LeafListViewController.m */; };
		DA9598B41B02418900D49D42 /* ChildTrunkViewController.m in Sources */ = {isa = PBXBuildFile; fileRef = DA9598B31B02418900D49D42 /* ChildTrunkViewController.m */; };
		DAB588601B039348009AE32A /* WebContentViewController.m in Sources */ = {isa = PBXBuildFile; fileRef = DAB5885F1B039348009AE32A /* WebContentViewController.m */; };
		DABD0ACD1B1B06EB008D9015 /* AVFoundation.framework in Frameworks */ = {isa = PBXBuildFile; fileRef = DABD0ACC1B1B06EB008D9015 /* AVFoundation.framework */; };
		DABD0AD01B1B0726008D9015 /* ScanBarViewController.m in Sources */ = {isa = PBXBuildFile; fileRef = DABD0ACF1B1B0726008D9015 /* ScanBarViewController.m */; };
		DABD0AD71B1B25C6008D9015 /* ScanWebView.m in Sources */ = {isa = PBXBuildFile; fileRef = DABD0AD61B1B25C6008D9015 /* ScanWebView.m */; };
		DACF15731B04DA07005445C4 /* ImageListViewController.m in Sources */ = {isa = PBXBuildFile; fileRef = DACF15721B04DA07005445C4 /* ImageListViewController.m */; };
		DACF16741B074749005445C4 /* NSObject+RMArchivable.m in Sources */ = {isa = PBXBuildFile; fileRef = DACF166D1B074749005445C4 /* NSObject+RMArchivable.m */; };
		DACF16751B074749005445C4 /* NSObject+RMCopyable.m in Sources */ = {isa = PBXBuildFile; fileRef = DACF166F1B074749005445C4 /* NSObject+RMCopyable.m */; };
		DACF16761B074749005445C4 /* NSUserDefaults+RMSaveCustomObject.m in Sources */ = {isa = PBXBuildFile; fileRef = DACF16711B074749005445C4 /* NSUserDefaults+RMSaveCustomObject.m */; };
		DACF16771B074749005445C4 /* RMMapper.m in Sources */ = {isa = PBXBuildFile; fileRef = DACF16731B074749005445C4 /* RMMapper.m */; };
		DAD3099A1B32F93700409C5C /* Reachability.m in Sources */ = {isa = PBXBuildFile; fileRef = DAD309991B32F93700409C5C /* Reachability.m */; };
		DAD3099F1B330C6F00409C5C /* UITools.m in Sources */ = {isa = PBXBuildFile; fileRef = DAD3099E1B330C6F00409C5C /* UITools.m */; };
/* End PBXBuildFile section */

/* Begin PBXContainerItemProxy section */
		DA855EF11AF8FFB5005CF033 /* PBXContainerItemProxy */ = {
			isa = PBXContainerItemProxy;
			containerPortal = DA855ECF1AF8FFB5005CF033 /* Project object */;
			proxyType = 1;
			remoteGlobalIDString = DA855ED61AF8FFB5005CF033;
			remoteInfo = ShantouMuseum;
		};
/* End PBXContainerItemProxy section */

/* Begin PBXFileReference section */
		C4C4D9534141C71090DFC185 /* Pods.release.xcconfig */ = {isa = PBXFileReference; includeInIndex = 1; lastKnownFileType = text.xcconfig; name = Pods.release.xcconfig; path = "Pods/Target Support Files/Pods/Pods.release.xcconfig"; sourceTree = "<group>"; };
		D69EFA28B2C8E4E57836D7D3 /* Pods.debug.xcconfig */ = {isa = PBXFileReference; includeInIndex = 1; lastKnownFileType = text.xcconfig; name = Pods.debug.xcconfig; path = "Pods/Target Support Files/Pods/Pods.debug.xcconfig"; sourceTree = "<group>"; };
		DA3FB39B1C0355FE00B2F206 /* .gitkeep */ = {isa = PBXFileReference; fileEncoding = 4; lastKnownFileType = text; path = .gitkeep; sourceTree = "<group>"; };
		DA3FB39C1C0355FE00B2F206 /* ImageError.png */ = {isa = PBXFileReference; lastKnownFileType = image.png; path = ImageError.png; sourceTree = "<group>"; };
		DA3FB39D1C0355FE00B2F206 /* ImageError@2x.png */ = {isa = PBXFileReference; lastKnownFileType = image.png; path = "ImageError@2x.png"; sourceTree = "<group>"; };
		DA3FB39E1C0355FE00B2F206 /* ImageError@3x.png */ = {isa = PBXFileReference; lastKnownFileType = image.png; path = "ImageError@3x.png"; sourceTree = "<group>"; };
		DA3FB39F1C0355FE00B2F206 /* ImageSelectedOff.png */ = {isa = PBXFileReference; lastKnownFileType = image.png; path = ImageSelectedOff.png; sourceTree = "<group>"; };
		DA3FB3A01C0355FE00B2F206 /* ImageSelectedOff@2x.png */ = {isa = PBXFileReference; lastKnownFileType = image.png; path = "ImageSelectedOff@2x.png"; sourceTree = "<group>"; };
		DA3FB3A11C0355FE00B2F206 /* ImageSelectedOff@3x.png */ = {isa = PBXFileReference; lastKnownFileType = image.png; path = "ImageSelectedOff@3x.png"; sourceTree = "<group>"; };
		DA3FB3A21C0355FE00B2F206 /* ImageSelectedOn.png */ = {isa = PBXFileReference; lastKnownFileType = image.png; path = ImageSelectedOn.png; sourceTree = "<group>"; };
		DA3FB3A31C0355FE00B2F206 /* ImageSelectedOn@2x.png */ = {isa = PBXFileReference; lastKnownFileType = image.png; path = "ImageSelectedOn@2x.png"; sourceTree = "<group>"; };
		DA3FB3A41C0355FE00B2F206 /* ImageSelectedOn@3x.png */ = {isa = PBXFileReference; lastKnownFileType = image.png; path = "ImageSelectedOn@3x.png"; sourceTree = "<group>"; };
		DA3FB3A51C0355FE00B2F206 /* ImageSelectedSmallOff.png */ = {isa = PBXFileReference; lastKnownFileType = image.png; path = ImageSelectedSmallOff.png; sourceTree = "<group>"; };
		DA3FB3A61C0355FE00B2F206 /* ImageSelectedSmallOff@2x.png */ = {isa = PBXFileReference; lastKnownFileType = image.png; path = "ImageSelectedSmallOff@2x.png"; sourceTree = "<group>"; };
		DA3FB3A71C0355FE00B2F206 /* ImageSelectedSmallOff@3x.png */ = {isa = PBXFileReference; lastKnownFileType = image.png; path = "ImageSelectedSmallOff@3x.png"; sourceTree = "<group>"; };
		DA3FB3A81C0355FE00B2F206 /* ImageSelectedSmallOn.png */ = {isa = PBXFileReference; lastKnownFileType = image.png; path = ImageSelectedSmallOn.png; sourceTree = "<group>"; };
		DA3FB3A91C0355FE00B2F206 /* ImageSelectedSmallOn@2x.png */ = {isa = PBXFileReference; lastKnownFileType = image.png; path = "ImageSelectedSmallOn@2x.png"; sourceTree = "<group>"; };
		DA3FB3AA1C0355FE00B2F206 /* ImageSelectedSmallOn@3x.png */ = {isa = PBXFileReference; lastKnownFileType = image.png; path = "ImageSelectedSmallOn@3x.png"; sourceTree = "<group>"; };
		DA3FB3AB1C0355FE00B2F206 /* PlayButtonOverlayLarge.png */ = {isa = PBXFileReference; lastKnownFileType = image.png; path = PlayButtonOverlayLarge.png; sourceTree = "<group>"; };
		DA3FB3AC1C0355FE00B2F206 /* PlayButtonOverlayLarge@2x.png */ = {isa = PBXFileReference; lastKnownFileType = image.png; path = "PlayButtonOverlayLarge@2x.png"; sourceTree = "<group>"; };
		DA3FB3AD1C0355FE00B2F206 /* PlayButtonOverlayLarge@3x.png */ = {isa = PBXFileReference; lastKnownFileType = image.png; path = "PlayButtonOverlayLarge@3x.png"; sourceTree = "<group>"; };
		DA3FB3AE1C0355FE00B2F206 /* PlayButtonOverlayLargeTap.png */ = {isa = PBXFileReference; lastKnownFileType = image.png; path = PlayButtonOverlayLargeTap.png; sourceTree = "<group>"; };
		DA3FB3AF1C0355FE00B2F206 /* PlayButtonOverlayLargeTap@2x.png */ = {isa = PBXFileReference; lastKnownFileType = image.png; path = "PlayButtonOverlayLargeTap@2x.png"; sourceTree = "<group>"; };
		DA3FB3B01C0355FE00B2F206 /* PlayButtonOverlayLargeTap@3x.png */ = {isa = PBXFileReference; lastKnownFileType = image.png; path = "PlayButtonOverlayLargeTap@3x.png"; sourceTree = "<group>"; };
		DA3FB3B11C0355FE00B2F206 /* UIBarButtonItemArrowLeft.png */ = {isa = PBXFileReference; lastKnownFileType = image.png; path = UIBarButtonItemArrowLeft.png; sourceTree = "<group>"; };
		DA3FB3B21C0355FE00B2F206 /* UIBarButtonItemArrowLeft@2x.png */ = {isa = PBXFileReference; lastKnownFileType = image.png; path = "UIBarButtonItemArrowLeft@2x.png"; sourceTree = "<group>"; };
		DA3FB3B31C0355FE00B2F206 /* UIBarButtonItemArrowLeft@3x.png */ = {isa = PBXFileReference; lastKnownFileType = image.png; path = "UIBarButtonItemArrowLeft@3x.png"; sourceTree = "<group>"; };
		DA3FB3B41C0355FE00B2F206 /* UIBarButtonItemArrowRight.png */ = {isa = PBXFileReference; lastKnownFileType = image.png; path = UIBarButtonItemArrowRight.png; sourceTree = "<group>"; };
		DA3FB3B51C0355FE00B2F206 /* UIBarButtonItemArrowRight@2x.png */ = {isa = PBXFileReference; lastKnownFileType = image.png; path = "UIBarButtonItemArrowRight@2x.png"; sourceTree = "<group>"; };
		DA3FB3B61C0355FE00B2F206 /* UIBarButtonItemArrowRight@3x.png */ = {isa = PBXFileReference; lastKnownFileType = image.png; path = "UIBarButtonItemArrowRight@3x.png"; sourceTree = "<group>"; };
		DA3FB3B71C0355FE00B2F206 /* UIBarButtonItemGrid.png */ = {isa = PBXFileReference; lastKnownFileType = image.png; path = UIBarButtonItemGrid.png; sourceTree = "<group>"; };
		DA3FB3B81C0355FE00B2F206 /* UIBarButtonItemGrid@2x.png */ = {isa = PBXFileReference; lastKnownFileType = image.png; path = "UIBarButtonItemGrid@2x.png"; sourceTree = "<group>"; };
		DA3FB3B91C0355FE00B2F206 /* UIBarButtonItemGrid@3x.png */ = {isa = PBXFileReference; lastKnownFileType = image.png; path = "UIBarButtonItemGrid@3x.png"; sourceTree = "<group>"; };
		DA3FB3BA1C0355FE00B2F206 /* VideoOverlay.png */ = {isa = PBXFileReference; lastKnownFileType = image.png; path = VideoOverlay.png; sourceTree = "<group>"; };
		DA3FB3BB1C0355FE00B2F206 /* VideoOverlay@2x.png */ = {isa = PBXFileReference; lastKnownFileType = image.png; path = "VideoOverlay@2x.png"; sourceTree = "<group>"; };
		DA3FB3BC1C0355FE00B2F206 /* VideoOverlay@3x.png */ = {isa = PBXFileReference; lastKnownFileType = image.png; path = "VideoOverlay@3x.png"; sourceTree = "<group>"; };
		DA3FB3BE1C0355FE00B2F206 /* .gitkeep */ = {isa = PBXFileReference; fileEncoding = 4; lastKnownFileType = text; path = .gitkeep; sourceTree = "<group>"; };
		DA3FB3BF1C0355FE00B2F206 /* MWCaptionView.h */ = {isa = PBXFileReference; fileEncoding = 4; lastKnownFileType = sourcecode.c.h; path = MWCaptionView.h; sourceTree = "<group>"; };
		DA3FB3C01C0355FE00B2F206 /* MWCaptionView.m */ = {isa = PBXFileReference; fileEncoding = 4; lastKnownFileType = sourcecode.c.objc; path = MWCaptionView.m; sourceTree = "<group>"; };
		DA3FB3C11C0355FE00B2F206 /* MWCommon.h */ = {isa = PBXFileReference; fileEncoding = 4; lastKnownFileType = sourcecode.c.h; path = MWCommon.h; sourceTree = "<group>"; };
		DA3FB3C21C0355FE00B2F206 /* MWGridCell.h */ = {isa = PBXFileReference; fileEncoding = 4; lastKnownFileType = sourcecode.c.h; path = MWGridCell.h; sourceTree = "<group>"; };
		DA3FB3C31C0355FE00B2F206 /* MWGridCell.m */ = {isa = PBXFileReference; fileEncoding = 4; lastKnownFileType = sourcecode.c.objc; path = MWGridCell.m; sourceTree = "<group>"; };
		DA3FB3C41C0355FF00B2F206 /* MWGridViewController.h */ = {isa = PBXFileReference; fileEncoding = 4; lastKnownFileType = sourcecode.c.h; path = MWGridViewController.h; sourceTree = "<group>"; };
		DA3FB3C51C0355FF00B2F206 /* MWGridViewController.m */ = {isa = PBXFileReference; fileEncoding = 4; lastKnownFileType = sourcecode.c.objc; path = MWGridViewController.m; sourceTree = "<group>"; };
		DA3FB3C61C0355FF00B2F206 /* MWPhoto.h */ = {isa = PBXFileReference; fileEncoding = 4; lastKnownFileType = sourcecode.c.h; path = MWPhoto.h; sourceTree = "<group>"; };
		DA3FB3C71C0355FF00B2F206 /* MWPhoto.m */ = {isa = PBXFileReference; fileEncoding = 4; lastKnownFileType = sourcecode.c.objc; path = MWPhoto.m; sourceTree = "<group>"; };
		DA3FB3C81C0355FF00B2F206 /* MWPhotoBrowser.h */ = {isa = PBXFileReference; fileEncoding = 4; lastKnownFileType = sourcecode.c.h; path = MWPhotoBrowser.h; sourceTree = "<group>"; };
		DA3FB3C91C0355FF00B2F206 /* MWPhotoBrowser.m */ = {isa = PBXFileReference; fileEncoding = 4; lastKnownFileType = sourcecode.c.objc; path = MWPhotoBrowser.m; sourceTree = "<group>"; };
		DA3FB3CA1C0355FF00B2F206 /* MWPhotoBrowserPrivate.h */ = {isa = PBXFileReference; fileEncoding = 4; lastKnownFileType = sourcecode.c.h; path = MWPhotoBrowserPrivate.h; sourceTree = "<group>"; };
		DA3FB3CB1C0355FF00B2F206 /* MWPhotoProtocol.h */ = {isa = PBXFileReference; fileEncoding = 4; lastKnownFileType = sourcecode.c.h; path = MWPhotoProtocol.h; sourceTree = "<group>"; };
		DA3FB3CC1C0355FF00B2F206 /* MWTapDetectingImageView.h */ = {isa = PBXFileReference; fileEncoding = 4; lastKnownFileType = sourcecode.c.h; path = MWTapDetectingImageView.h; sourceTree = "<group>"; };
		DA3FB3CD1C0355FF00B2F206 /* MWTapDetectingImageView.m */ = {isa = PBXFileReference; fileEncoding = 4; lastKnownFileType = sourcecode.c.objc; path = MWTapDetectingImageView.m; sourceTree = "<group>"; };
		DA3FB3CE1C0355FF00B2F206 /* MWTapDetectingView.h */ = {isa = PBXFileReference; fileEncoding = 4; lastKnownFileType = sourcecode.c.h; path = MWTapDetectingView.h; sourceTree = "<group>"; };
		DA3FB3CF1C0355FF00B2F206 /* MWTapDetectingView.m */ = {isa = PBXFileReference; fileEncoding = 4; lastKnownFileType = sourcecode.c.objc; path = MWTapDetectingView.m; sourceTree = "<group>"; };
		DA3FB3D01C0355FF00B2F206 /* MWZoomingScrollView.h */ = {isa = PBXFileReference; fileEncoding = 4; lastKnownFileType = sourcecode.c.h; path = MWZoomingScrollView.h; sourceTree = "<group>"; };
		DA3FB3D11C0355FF00B2F206 /* MWZoomingScrollView.m */ = {isa = PBXFileReference; fileEncoding = 4; lastKnownFileType = sourcecode.c.objc; path = MWZoomingScrollView.m; sourceTree = "<group>"; };
		DA3FB3D21C0355FF00B2F206 /* UIImage+MWPhotoBrowser.h */ = {isa = PBXFileReference; fileEncoding = 4; lastKnownFileType = sourcecode.c.h; path = "UIImage+MWPhotoBrowser.h"; sourceTree = "<group>"; };
		DA3FB3D31C0355FF00B2F206 /* UIImage+MWPhotoBrowser.m */ = {isa = PBXFileReference; fileEncoding = 4; lastKnownFileType = sourcecode.c.objc; path = "UIImage+MWPhotoBrowser.m"; sourceTree = "<group>"; };
		DA5AE3E01BFF634E008E598E /* JHCollectionViewReorderableTripletLayout.h */ = {isa = PBXFileReference; fileEncoding = 4; lastKnownFileType = sourcecode.c.h; path = JHCollectionViewReorderableTripletLayout.h; sourceTree = "<group>"; };
		DA5AE3E11BFF634E008E598E /* JHCollectionViewReorderableTripletLayout.m */ = {isa = PBXFileReference; fileEncoding = 4; lastKnownFileType = sourcecode.c.objc; path = JHCollectionViewReorderableTripletLayout.m; sourceTree = "<group>"; };
		DA5AE3E21BFF634E008E598E /* JHCollectionViewTripletLayout.h */ = {isa = PBXFileReference; fileEncoding = 4; lastKnownFileType = sourcecode.c.h; path = JHCollectionViewTripletLayout.h; sourceTree = "<group>"; };
		DA5AE3E31BFF634E008E598E /* JHCollectionViewTripletLayout.m */ = {isa = PBXFileReference; fileEncoding = 4; lastKnownFileType = sourcecode.c.objc; path = JHCollectionViewTripletLayout.m; sourceTree = "<group>"; };
		DA78671E1B0B8224005414A7 /* libxml2.2.dylib */ = {isa = PBXFileReference; lastKnownFileType = "compiled.mach-o.dylib"; name = libxml2.2.dylib; path = usr/lib/libxml2.2.dylib; sourceTree = SDKROOT; };
		DA7867211B0B845B005414A7 /* TFHpple.h */ = {isa = PBXFileReference; fileEncoding = 4; lastKnownFileType = sourcecode.c.h; path = TFHpple.h; sourceTree = "<group>"; };
		DA7867221B0B845B005414A7 /* TFHpple.m */ = {isa = PBXFileReference; fileEncoding = 4; lastKnownFileType = sourcecode.c.objc; path = TFHpple.m; sourceTree = "<group>"; };
		DA7867231B0B845B005414A7 /* TFHppleElement.h */ = {isa = PBXFileReference; fileEncoding = 4; lastKnownFileType = sourcecode.c.h; path = TFHppleElement.h; sourceTree = "<group>"; };
		DA7867241B0B845B005414A7 /* TFHppleElement.m */ = {isa = PBXFileReference; fileEncoding = 4; lastKnownFileType = sourcecode.c.objc; path = TFHppleElement.m; sourceTree = "<group>"; };
		DA7867251B0B845B005414A7 /* XPathQuery.h */ = {isa = PBXFileReference; fileEncoding = 4; lastKnownFileType = sourcecode.c.h; path = XPathQuery.h; sourceTree = "<group>"; };
		DA7867261B0B845B005414A7 /* XPathQuery.m */ = {isa = PBXFileReference; fileEncoding = 4; lastKnownFileType = sourcecode.c.objc; path = XPathQuery.m; sourceTree = "<group>"; };
		DA82AFDD1AFE22980088BF7A /* ChannelTree.h */ = {isa = PBXFileReference; fileEncoding = 4; lastKnownFileType = sourcecode.c.h; path = ChannelTree.h; sourceTree = "<group>"; };
		DA82AFDE1AFE22980088BF7A /* ChannelTree.m */ = {isa = PBXFileReference; fileEncoding = 4; lastKnownFileType = sourcecode.c.objc; path = ChannelTree.m; sourceTree = "<group>"; };
		DA82AFE41AFF621E0088BF7A /* WelcomeViewController.h */ = {isa = PBXFileReference; fileEncoding = 4; lastKnownFileType = sourcecode.c.h; path = WelcomeViewController.h; sourceTree = "<group>"; };
		DA82AFE51AFF621E0088BF7A /* WelcomeViewController.m */ = {isa = PBXFileReference; fileEncoding = 4; lastKnownFileType = sourcecode.c.objc; path = WelcomeViewController.m; sourceTree = "<group>"; };
		DA855ED71AF8FFB5005CF033 /* ShantouMuseum.app */ = {isa = PBXFileReference; explicitFileType = wrapper.application; includeInIndex = 0; path = ShantouMuseum.app; sourceTree = BUILT_PRODUCTS_DIR; };
		DA855EDB1AF8FFB5005CF033 /* Info.plist */ = {isa = PBXFileReference; lastKnownFileType = text.plist.xml; path = Info.plist; sourceTree = "<group>"; };
		DA855EDC1AF8FFB5005CF033 /* main.m */ = {isa = PBXFileReference; lastKnownFileType = sourcecode.c.objc; path = main.m; sourceTree = "<group>"; };
		DA855EDE1AF8FFB5005CF033 /* AppDelegate.h */ = {isa = PBXFileReference; lastKnownFileType = sourcecode.c.h; path = AppDelegate.h; sourceTree = "<group>"; };
		DA855EDF1AF8FFB5005CF033 /* AppDelegate.m */ = {isa = PBXFileReference; lastKnownFileType = sourcecode.c.objc; path = AppDelegate.m; sourceTree = "<group>"; };
		DA855EE51AF8FFB5005CF033 /* Base */ = {isa = PBXFileReference; lastKnownFileType = file.storyboard; name = Base; path = Base.lproj/Main.storyboard; sourceTree = "<group>"; };
		DA855EE71AF8FFB5005CF033 /* lmage.xcassets */ = {isa = PBXFileReference; lastKnownFileType = folder.assetcatalog; path = lmage.xcassets; sourceTree = "<group>"; };
		DA855EEA1AF8FFB5005CF033 /* Base */ = {isa = PBXFileReference; lastKnownFileType = file.xib; name = Base; path = Base.lproj/LaunchScreen.xib; sourceTree = "<group>"; };
		DA855EF01AF8FFB5005CF033 /* ShantouMuseumTests.xctest */ = {isa = PBXFileReference; explicitFileType = wrapper.cfbundle; includeInIndex = 0; path = ShantouMuseumTests.xctest; sourceTree = BUILT_PRODUCTS_DIR; };
		DA855EF51AF8FFB5005CF033 /* Info.plist */ = {isa = PBXFileReference; lastKnownFileType = text.plist.xml; path = Info.plist; sourceTree = "<group>"; };
		DA855EF61AF8FFB5005CF033 /* ShantouMuseumTests.m */ = {isa = PBXFileReference; lastKnownFileType = sourcecode.c.objc; path = ShantouMuseumTests.m; sourceTree = "<group>"; };
		DA855F001AF9015B005CF033 /* ShantouMuseum.pch */ = {isa = PBXFileReference; lastKnownFileType = sourcecode.c.h; path = ShantouMuseum.pch; sourceTree = "<group>"; };
		DA855F021AF903F3005CF033 /* MainViewController.h */ = {isa = PBXFileReference; fileEncoding = 4; lastKnownFileType = sourcecode.c.h; path = MainViewController.h; sourceTree = "<group>"; };
		DA855F031AF903F3005CF033 /* MainViewController.m */ = {isa = PBXFileReference; fileEncoding = 4; lastKnownFileType = sourcecode.c.objc; path = MainViewController.m; sourceTree = "<group>"; };
		DA8560561AF90631005CF033 /* libxml2.dylib */ = {isa = PBXFileReference; lastKnownFileType = "compiled.mach-o.dylib"; name = libxml2.dylib; path = usr/lib/libxml2.dylib; sourceTree = SDKROOT; };
		DA8560581AF9072F005CF033 /* libz.dylib */ = {isa = PBXFileReference; lastKnownFileType = "compiled.mach-o.dylib"; name = libz.dylib; path = usr/lib/libz.dylib; sourceTree = SDKROOT; };
		DA85605B1AF90760005CF033 /* AppData.h */ = {isa = PBXFileReference; fileEncoding = 4; lastKnownFileType = sourcecode.c.h; path = AppData.h; sourceTree = "<group>"; };
		DA85605C1AF90760005CF033 /* AppData.m */ = {isa = PBXFileReference; fileEncoding = 4; lastKnownFileType = sourcecode.c.objc; path = AppData.m; sourceTree = "<group>"; };
		DA8560601AF90760005CF033 /* Define.h */ = {isa = PBXFileReference; fileEncoding = 4; lastKnownFileType = sourcecode.c.h; path = Define.h; sourceTree = "<group>"; };
		DA8560611AF90760005CF033 /* GlobalInstance.h */ = {isa = PBXFileReference; fileEncoding = 4; lastKnownFileType = sourcecode.c.h; path = GlobalInstance.h; sourceTree = "<group>"; };
		DA8560621AF90760005CF033 /* GlobalInstance.m */ = {isa = PBXFileReference; fileEncoding = 4; lastKnownFileType = sourcecode.c.objc; path = GlobalInstance.m; sourceTree = "<group>"; };
		DA8560631AF90760005CF033 /* RequestWrapper.h */ = {isa = PBXFileReference; fileEncoding = 4; lastKnownFileType = sourcecode.c.h; path = RequestWrapper.h; sourceTree = "<group>"; };
		DA8560641AF90760005CF033 /* RequestWrapper.m */ = {isa = PBXFileReference; fileEncoding = 4; lastKnownFileType = sourcecode.c.objc; path = RequestWrapper.m; sourceTree = "<group>"; };
		DA8560651AF90760005CF033 /* UITools.h */ = {isa = PBXFileReference; fileEncoding = 4; lastKnownFileType = sourcecode.c.h; path = UITools.h; sourceTree = "<group>"; };
		DA95986C1AFF8B4200D49D42 /* CollectionTripletLayout.h */ = {isa = PBXFileReference; fileEncoding = 4; lastKnownFileType = sourcecode.c.h; path = CollectionTripletLayout.h; sourceTree = "<group>"; };
		DA95986D1AFF8B4200D49D42 /* CollectionTripletLayout.m */ = {isa = PBXFileReference; fileEncoding = 4; lastKnownFileType = sourcecode.c.objc; path = CollectionTripletLayout.m; sourceTree = "<group>"; };
		DA95986F1AFF939E00D49D42 /* Image.h */ = {isa = PBXFileReference; fileEncoding = 4; lastKnownFileType = sourcecode.c.h; path = Image.h; sourceTree = "<group>"; };
		DA9598701AFF939E00D49D42 /* Image.m */ = {isa = PBXFileReference; fileEncoding = 4; lastKnownFileType = sourcecode.c.objc; path = Image.m; sourceTree = "<group>"; };
		DA9598721AFF94E500D49D42 /* ContentNode.h */ = {isa = PBXFileReference; fileEncoding = 4; lastKnownFileType = sourcecode.c.h; path = ContentNode.h; sourceTree = "<group>"; };
		DA9598731AFF94E500D49D42 /* ContentNode.m */ = {isa = PBXFileReference; fileEncoding = 4; lastKnownFileType = sourcecode.c.objc; path = ContentNode.m; sourceTree = "<group>"; };
		DA95987D1B00FCDD00D49D42 /* TrunkViewController.h */ = {isa = PBXFileReference; fileEncoding = 4; lastKnownFileType = sourcecode.c.h; path = TrunkViewController.h; sourceTree = "<group>"; };
		DA95987E1B00FCDD00D49D42 /* TrunkViewController.m */ = {isa = PBXFileReference; fileEncoding = 4; lastKnownFileType = sourcecode.c.objc; path = TrunkViewController.m; sourceTree = "<group>"; };
		DA9598AC1B02273E00D49D42 /* LeafListViewController.h */ = {isa = PBXFileReference; fileEncoding = 4; lastKnownFileType = sourcecode.c.h; path = LeafListViewController.h; sourceTree = "<group>"; };
		DA9598AD1B02273E00D49D42 /* LeafListViewController.m */ = {isa = PBXFileReference; fileEncoding = 4; lastKnownFileType = sourcecode.c.objc; path = LeafListViewController.m; sourceTree = "<group>"; };
		DA9598B21B02418900D49D42 /* ChildTrunkViewController.h */ = {isa = PBXFileReference; fileEncoding = 4; lastKnownFileType = sourcecode.c.h; path = ChildTrunkViewController.h; sourceTree = "<group>"; };
		DA9598B31B02418900D49D42 /* ChildTrunkViewController.m */ = {isa = PBXFileReference; fileEncoding = 4; lastKnownFileType = sourcecode.c.objc; path = ChildTrunkViewController.m; sourceTree = "<group>"; };
		DAB5885E1B039348009AE32A /* WebContentViewController.h */ = {isa = PBXFileReference; fileEncoding = 4; lastKnownFileType = sourcecode.c.h; path = WebContentViewController.h; sourceTree = "<group>"; };
		DAB5885F1B039348009AE32A /* WebContentViewController.m */ = {isa = PBXFileReference; fileEncoding = 4; lastKnownFileType = sourcecode.c.objc; path = WebContentViewController.m; sourceTree = "<group>"; };
		DABD0ACC1B1B06EB008D9015 /* AVFoundation.framework */ = {isa = PBXFileReference; lastKnownFileType = wrapper.framework; name = AVFoundation.framework; path = System/Library/Frameworks/AVFoundation.framework; sourceTree = SDKROOT; };
		DABD0ACE1B1B0726008D9015 /* ScanBarViewController.h */ = {isa = PBXFileReference; fileEncoding = 4; lastKnownFileType = sourcecode.c.h; path = ScanBarViewController.h; sourceTree = "<group>"; };
		DABD0ACF1B1B0726008D9015 /* ScanBarViewController.m */ = {isa = PBXFileReference; fileEncoding = 4; lastKnownFileType = sourcecode.c.objc; path = ScanBarViewController.m; sourceTree = "<group>"; };
		DABD0AD51B1B25C6008D9015 /* ScanWebView.h */ = {isa = PBXFileReference; fileEncoding = 4; lastKnownFileType = sourcecode.c.h; path = ScanWebView.h; sourceTree = "<group>"; };
		DABD0AD61B1B25C6008D9015 /* ScanWebView.m */ = {isa = PBXFileReference; fileEncoding = 4; lastKnownFileType = sourcecode.c.objc; path = ScanWebView.m; sourceTree = "<group>"; };
		DACF15711B04DA07005445C4 /* ImageListViewController.h */ = {isa = PBXFileReference; fileEncoding = 4; lastKnownFileType = sourcecode.c.h; path = ImageListViewController.h; sourceTree = "<group>"; };
		DACF15721B04DA07005445C4 /* ImageListViewController.m */ = {isa = PBXFileReference; fileEncoding = 4; lastKnownFileType = sourcecode.c.objc; path = ImageListViewController.m; sourceTree = "<group>"; };
		DACF166C1B074749005445C4 /* NSObject+RMArchivable.h */ = {isa = PBXFileReference; fileEncoding = 4; lastKnownFileType = sourcecode.c.h; path = "NSObject+RMArchivable.h"; sourceTree = "<group>"; };
		DACF166D1B074749005445C4 /* NSObject+RMArchivable.m */ = {isa = PBXFileReference; fileEncoding = 4; lastKnownFileType = sourcecode.c.objc; path = "NSObject+RMArchivable.m"; sourceTree = "<group>"; };
		DACF166E1B074749005445C4 /* NSObject+RMCopyable.h */ = {isa = PBXFileReference; fileEncoding = 4; lastKnownFileType = sourcecode.c.h; path = "NSObject+RMCopyable.h"; sourceTree = "<group>"; };
		DACF166F1B074749005445C4 /* NSObject+RMCopyable.m */ = {isa = PBXFileReference; fileEncoding = 4; lastKnownFileType = sourcecode.c.objc; path = "NSObject+RMCopyable.m"; sourceTree = "<group>"; };
		DACF16701B074749005445C4 /* NSUserDefaults+RMSaveCustomObject.h */ = {isa = PBXFileReference; fileEncoding = 4; lastKnownFileType = sourcecode.c.h; path = "NSUserDefaults+RMSaveCustomObject.h"; sourceTree = "<group>"; };
		DACF16711B074749005445C4 /* NSUserDefaults+RMSaveCustomObject.m */ = {isa = PBXFileReference; fileEncoding = 4; lastKnownFileType = sourcecode.c.objc; path = "NSUserDefaults+RMSaveCustomObject.m"; sourceTree = "<group>"; };
		DACF16721B074749005445C4 /* RMMapper.h */ = {isa = PBXFileReference; fileEncoding = 4; lastKnownFileType = sourcecode.c.h; path = RMMapper.h; sourceTree = "<group>"; };
		DACF16731B074749005445C4 /* RMMapper.m */ = {isa = PBXFileReference; fileEncoding = 4; lastKnownFileType = sourcecode.c.objc; path = RMMapper.m; sourceTree = "<group>"; };
		DAD309981B32F93700409C5C /* Reachability.h */ = {isa = PBXFileReference; fileEncoding = 4; lastKnownFileType = sourcecode.c.h; path = Reachability.h; sourceTree = "<group>"; };
		DAD309991B32F93700409C5C /* Reachability.m */ = {isa = PBXFileReference; fileEncoding = 4; lastKnownFileType = sourcecode.c.objc; path = Reachability.m; sourceTree = "<group>"; };
		DAD3099E1B330C6F00409C5C /* UITools.m */ = {isa = PBXFileReference; fileEncoding = 4; lastKnownFileType = sourcecode.c.objc; path = UITools.m; sourceTree = "<group>"; };
		E3547644B5CC57DAC93F853C /* libPods.a */ = {isa = PBXFileReference; explicitFileType = archive.ar; includeInIndex = 0; path = libPods.a; sourceTree = BUILT_PRODUCTS_DIR; };
/* End PBXFileReference section */

/* Begin PBXFrameworksBuildPhase section */
		DA855ED41AF8FFB5005CF033 /* Frameworks */ = {
			isa = PBXFrameworksBuildPhase;
			buildActionMask = 2147483647;
			files = (
				DABD0ACD1B1B06EB008D9015 /* AVFoundation.framework in Frameworks */,
				DA78672A1B0B848C005414A7 /* libxml2.dylib in Frameworks */,
				DA8560591AF9072F005CF033 /* libz.dylib in Frameworks */,
				93FBEC0F9FB5C1F6A170CD27 /* libPods.a in Frameworks */,
			);
			runOnlyForDeploymentPostprocessing = 0;
		};
		DA855EED1AF8FFB5005CF033 /* Frameworks */ = {
			isa = PBXFrameworksBuildPhase;
			buildActionMask = 2147483647;
			files = (
			);
			runOnlyForDeploymentPostprocessing = 0;
		};
/* End PBXFrameworksBuildPhase section */

/* Begin PBXGroup section */
		59419B67D0AECD370C57ADFF /* Pods */ = {
			isa = PBXGroup;
			children = (
				D69EFA28B2C8E4E57836D7D3 /* Pods.debug.xcconfig */,
				C4C4D9534141C71090DFC185 /* Pods.release.xcconfig */,
			);
			name = Pods;
			sourceTree = "<group>";
		};
		C612A389BEEBD59261E30852 /* Frameworks */ = {
			isa = PBXGroup;
			children = (
				DABD0ACC1B1B06EB008D9015 /* AVFoundation.framework */,
				DA78671E1B0B8224005414A7 /* libxml2.2.dylib */,
				E3547644B5CC57DAC93F853C /* libPods.a */,
			);
			name = Frameworks;
			sourceTree = "<group>";
		};
		DA3FB3991C0355FE00B2F206 /* MWPhotoBrowser */ = {
			isa = PBXGroup;
			children = (
				DA3FB39A1C0355FE00B2F206 /* Assets */,
				DA3FB3BD1C0355FE00B2F206 /* Classes */,
			);
			path = MWPhotoBrowser;
			sourceTree = "<group>";
		};
		DA3FB39A1C0355FE00B2F206 /* Assets */ = {
			isa = PBXGroup;
			children = (
				DA3FB39B1C0355FE00B2F206 /* .gitkeep */,
				DA3FB39C1C0355FE00B2F206 /* ImageError.png */,
				DA3FB39D1C0355FE00B2F206 /* ImageError@2x.png */,
				DA3FB39E1C0355FE00B2F206 /* ImageError@3x.png */,
				DA3FB39F1C0355FE00B2F206 /* ImageSelectedOff.png */,
				DA3FB3A01C0355FE00B2F206 /* ImageSelectedOff@2x.png */,
				DA3FB3A11C0355FE00B2F206 /* ImageSelectedOff@3x.png */,
				DA3FB3A21C0355FE00B2F206 /* ImageSelectedOn.png */,
				DA3FB3A31C0355FE00B2F206 /* ImageSelectedOn@2x.png */,
				DA3FB3A41C0355FE00B2F206 /* ImageSelectedOn@3x.png */,
				DA3FB3A51C0355FE00B2F206 /* ImageSelectedSmallOff.png */,
				DA3FB3A61C0355FE00B2F206 /* ImageSelectedSmallOff@2x.png */,
				DA3FB3A71C0355FE00B2F206 /* ImageSelectedSmallOff@3x.png */,
				DA3FB3A81C0355FE00B2F206 /* ImageSelectedSmallOn.png */,
				DA3FB3A91C0355FE00B2F206 /* ImageSelectedSmallOn@2x.png */,
				DA3FB3AA1C0355FE00B2F206 /* ImageSelectedSmallOn@3x.png */,
				DA3FB3AB1C0355FE00B2F206 /* PlayButtonOverlayLarge.png */,
				DA3FB3AC1C0355FE00B2F206 /* PlayButtonOverlayLarge@2x.png */,
				DA3FB3AD1C0355FE00B2F206 /* PlayButtonOverlayLarge@3x.png */,
				DA3FB3AE1C0355FE00B2F206 /* PlayButtonOverlayLargeTap.png */,
				DA3FB3AF1C0355FE00B2F206 /* PlayButtonOverlayLargeTap@2x.png */,
				DA3FB3B01C0355FE00B2F206 /* PlayButtonOverlayLargeTap@3x.png */,
				DA3FB3B11C0355FE00B2F206 /* UIBarButtonItemArrowLeft.png */,
				DA3FB3B21C0355FE00B2F206 /* UIBarButtonItemArrowLeft@2x.png */,
				DA3FB3B31C0355FE00B2F206 /* UIBarButtonItemArrowLeft@3x.png */,
				DA3FB3B41C0355FE00B2F206 /* UIBarButtonItemArrowRight.png */,
				DA3FB3B51C0355FE00B2F206 /* UIBarButtonItemArrowRight@2x.png */,
				DA3FB3B61C0355FE00B2F206 /* UIBarButtonItemArrowRight@3x.png */,
				DA3FB3B71C0355FE00B2F206 /* UIBarButtonItemGrid.png */,
				DA3FB3B81C0355FE00B2F206 /* UIBarButtonItemGrid@2x.png */,
				DA3FB3B91C0355FE00B2F206 /* UIBarButtonItemGrid@3x.png */,
				DA3FB3BA1C0355FE00B2F206 /* VideoOverlay.png */,
				DA3FB3BB1C0355FE00B2F206 /* VideoOverlay@2x.png */,
				DA3FB3BC1C0355FE00B2F206 /* VideoOverlay@3x.png */,
			);
			path = Assets;
			sourceTree = "<group>";
		};
		DA3FB3BD1C0355FE00B2F206 /* Classes */ = {
			isa = PBXGroup;
			children = (
				DA3FB3BE1C0355FE00B2F206 /* .gitkeep */,
				DA3FB3BF1C0355FE00B2F206 /* MWCaptionView.h */,
				DA3FB3C01C0355FE00B2F206 /* MWCaptionView.m */,
				DA3FB3C11C0355FE00B2F206 /* MWCommon.h */,
				DA3FB3C21C0355FE00B2F206 /* MWGridCell.h */,
				DA3FB3C31C0355FE00B2F206 /* MWGridCell.m */,
				DA3FB3C41C0355FF00B2F206 /* MWGridViewController.h */,
				DA3FB3C51C0355FF00B2F206 /* MWGridViewController.m */,
				DA3FB3C61C0355FF00B2F206 /* MWPhoto.h */,
				DA3FB3C71C0355FF00B2F206 /* MWPhoto.m */,
				DA3FB3C81C0355FF00B2F206 /* MWPhotoBrowser.h */,
				DA3FB3C91C0355FF00B2F206 /* MWPhotoBrowser.m */,
				DA3FB3CA1C0355FF00B2F206 /* MWPhotoBrowserPrivate.h */,
				DA3FB3CB1C0355FF00B2F206 /* MWPhotoProtocol.h */,
				DA3FB3CC1C0355FF00B2F206 /* MWTapDetectingImageView.h */,
				DA3FB3CD1C0355FF00B2F206 /* MWTapDetectingImageView.m */,
				DA3FB3CE1C0355FF00B2F206 /* MWTapDetectingView.h */,
				DA3FB3CF1C0355FF00B2F206 /* MWTapDetectingView.m */,
				DA3FB3D01C0355FF00B2F206 /* MWZoomingScrollView.h */,
				DA3FB3D11C0355FF00B2F206 /* MWZoomingScrollView.m */,
				DA3FB3D21C0355FF00B2F206 /* UIImage+MWPhotoBrowser.h */,
				DA3FB3D31C0355FF00B2F206 /* UIImage+MWPhotoBrowser.m */,
			);
			path = Classes;
			sourceTree = "<group>";
		};
		DA7867201B0B845B005414A7 /* TFHpple */ = {
			isa = PBXGroup;
			children = (
				DA7867211B0B845B005414A7 /* TFHpple.h */,
				DA7867221B0B845B005414A7 /* TFHpple.m */,
				DA7867231B0B845B005414A7 /* TFHppleElement.h */,
				DA7867241B0B845B005414A7 /* TFHppleElement.m */,
				DA7867251B0B845B005414A7 /* XPathQuery.h */,
				DA7867261B0B845B005414A7 /* XPathQuery.m */,
			);
			name = TFHpple;
			path = ShantouMuseum/FrameWorks/TFHpple;
			sourceTree = SOURCE_ROOT;
		};
		DA82AFDC1AFE223A0088BF7A /* Model */ = {
			isa = PBXGroup;
			children = (
				DA82AFDD1AFE22980088BF7A /* ChannelTree.h */,
				DA82AFDE1AFE22980088BF7A /* ChannelTree.m */,
				DA9598721AFF94E500D49D42 /* ContentNode.h */,
				DA9598731AFF94E500D49D42 /* ContentNode.m */,
				DA95986F1AFF939E00D49D42 /* Image.h */,
				DA9598701AFF939E00D49D42 /* Image.m */,
			);
			name = Model;
			path = ShantouMuseum/Model;
			sourceTree = SOURCE_ROOT;
		};
		DA855ECE1AF8FFB5005CF033 = {
			isa = PBXGroup;
			children = (
				DA855ED91AF8FFB5005CF033 /* ShantouMuseum */,
				DA855F051AF9049C005CF033 /* FrameWorks */,
				DA855EF31AF8FFB5005CF033 /* ShantouMuseumTests */,
				DA855ED81AF8FFB5005CF033 /* Products */,
				59419B67D0AECD370C57ADFF /* Pods */,
				C612A389BEEBD59261E30852 /* Frameworks */,
			);
			sourceTree = "<group>";
		};
		DA855ED81AF8FFB5005CF033 /* Products */ = {
			isa = PBXGroup;
			children = (
				DA855ED71AF8FFB5005CF033 /* ShantouMuseum.app */,
				DA855EF01AF8FFB5005CF033 /* ShantouMuseumTests.xctest */,
			);
			name = Products;
			sourceTree = "<group>";
		};
		DA855ED91AF8FFB5005CF033 /* ShantouMuseum */ = {
			isa = PBXGroup;
			children = (
				DA855EDE1AF8FFB5005CF033 /* AppDelegate.h */,
				DA855EDF1AF8FFB5005CF033 /* AppDelegate.m */,
				DA855EE41AF8FFB5005CF033 /* Main.storyboard */,
				DA855F011AF9038B005CF033 /* ViewControllers */,
				DA95986B1AFF8B4200D49D42 /* CustomUIS */,
				DA82AFDC1AFE223A0088BF7A /* Model */,
				DA85605A1AF90760005CF033 /* GlobalFile */,
				DA855EE71AF8FFB5005CF033 /* lmage.xcassets */,
				DA855EE91AF8FFB5005CF033 /* LaunchScreen.xib */,
				DA855EDA1AF8FFB5005CF033 /* Supporting Files */,
			);
			path = ShantouMuseum;
			sourceTree = "<group>";
		};
		DA855EDA1AF8FFB5005CF033 /* Supporting Files */ = {
			isa = PBXGroup;
			children = (
				DA855EDB1AF8FFB5005CF033 /* Info.plist */,
				DA855EDC1AF8FFB5005CF033 /* main.m */,
				DA855F001AF9015B005CF033 /* ShantouMuseum.pch */,
			);
			name = "Supporting Files";
			sourceTree = "<group>";
		};
		DA855EF31AF8FFB5005CF033 /* ShantouMuseumTests */ = {
			isa = PBXGroup;
			children = (
				DA855EF61AF8FFB5005CF033 /* ShantouMuseumTests.m */,
				DA855EF41AF8FFB5005CF033 /* Supporting Files */,
			);
			path = ShantouMuseumTests;
			sourceTree = "<group>";
		};
		DA855EF41AF8FFB5005CF033 /* Supporting Files */ = {
			isa = PBXGroup;
			children = (
				DA855EF51AF8FFB5005CF033 /* Info.plist */,
			);
			name = "Supporting Files";
			sourceTree = "<group>";
		};
		DA855F011AF9038B005CF033 /* ViewControllers */ = {
			isa = PBXGroup;
			children = (
				DA82AFE41AFF621E0088BF7A /* WelcomeViewController.h */,
				DA82AFE51AFF621E0088BF7A /* WelcomeViewController.m */,
				DA855F021AF903F3005CF033 /* MainViewController.h */,
				DA855F031AF903F3005CF033 /* MainViewController.m */,
				DABD0ACE1B1B0726008D9015 /* ScanBarViewController.h */,
				DABD0ACF1B1B0726008D9015 /* ScanBarViewController.m */,
				DABD0AD51B1B25C6008D9015 /* ScanWebView.h */,
				DABD0AD61B1B25C6008D9015 /* ScanWebView.m */,
				DA95987D1B00FCDD00D49D42 /* TrunkViewController.h */,
				DA95987E1B00FCDD00D49D42 /* TrunkViewController.m */,
				DA9598B21B02418900D49D42 /* ChildTrunkViewController.h */,
				DA9598B31B02418900D49D42 /* ChildTrunkViewController.m */,
				DA9598AC1B02273E00D49D42 /* LeafListViewController.h */,
				DA9598AD1B02273E00D49D42 /* LeafListViewController.m */,
				DACF15711B04DA07005445C4 /* ImageListViewController.h */,
				DACF15721B04DA07005445C4 /* ImageListViewController.m */,
				DAB5885E1B039348009AE32A /* WebContentViewController.h */,
				DAB5885F1B039348009AE32A /* WebContentViewController.m */,
			);
			path = ViewControllers;
			sourceTree = "<group>";
		};
		DA855F051AF9049C005CF033 /* FrameWorks */ = {
			isa = PBXGroup;
			children = (
				DA3FB3991C0355FE00B2F206 /* MWPhotoBrowser */,
				DA7867201B0B845B005414A7 /* TFHpple */,
				DACF166B1B074749005445C4 /* RMMapper */,
				DA8560581AF9072F005CF033 /* libz.dylib */,
				DA8560561AF90631005CF033 /* libxml2.dylib */,
			);
			name = FrameWorks;
			path = ShantouMuseum/FrameWorks;
			sourceTree = "<group>";
		};
		DA85605A1AF90760005CF033 /* GlobalFile */ = {
			isa = PBXGroup;
			children = (
				DA85605B1AF90760005CF033 /* AppData.h */,
				DA85605C1AF90760005CF033 /* AppData.m */,
				DA85605D1AF90760005CF033 /* DataTools */,
				DA8560601AF90760005CF033 /* Define.h */,
				DA8560611AF90760005CF033 /* GlobalInstance.h */,
				DA8560621AF90760005CF033 /* GlobalInstance.m */,
				DA8560631AF90760005CF033 /* RequestWrapper.h */,
				DA8560641AF90760005CF033 /* RequestWrapper.m */,
				DA8560651AF90760005CF033 /* UITools.h */,
				DAD3099E1B330C6F00409C5C /* UITools.m */,
			);
			name = GlobalFile;
			path = ShantouMuseum/GlobalFile;
			sourceTree = SOURCE_ROOT;
		};
		DA85605D1AF90760005CF033 /* DataTools */ = {
			isa = PBXGroup;
			children = (
				DAD309981B32F93700409C5C /* Reachability.h */,
				DAD309991B32F93700409C5C /* Reachability.m */,
			);
			path = DataTools;
			sourceTree = "<group>";
		};
		DA95986B1AFF8B4200D49D42 /* CustomUIS */ = {
			isa = PBXGroup;
			children = (
				DA5AE3E01BFF634E008E598E /* JHCollectionViewReorderableTripletLayout.h */,
				DA5AE3E11BFF634E008E598E /* JHCollectionViewReorderableTripletLayout.m */,
				DA5AE3E21BFF634E008E598E /* JHCollectionViewTripletLayout.h */,
				DA5AE3E31BFF634E008E598E /* JHCollectionViewTripletLayout.m */,
				DA95986C1AFF8B4200D49D42 /* CollectionTripletLayout.h */,
				DA95986D1AFF8B4200D49D42 /* CollectionTripletLayout.m */,
			);
			name = CustomUIS;
			path = ShantouMuseum/CustomUIS;
			sourceTree = SOURCE_ROOT;
		};
		DACF166B1B074749005445C4 /* RMMapper */ = {
			isa = PBXGroup;
			children = (
				DACF166C1B074749005445C4 /* NSObject+RMArchivable.h */,
				DACF166D1B074749005445C4 /* NSObject+RMArchivable.m */,
				DACF166E1B074749005445C4 /* NSObject+RMCopyable.h */,
				DACF166F1B074749005445C4 /* NSObject+RMCopyable.m */,
				DACF16701B074749005445C4 /* NSUserDefaults+RMSaveCustomObject.h */,
				DACF16711B074749005445C4 /* NSUserDefaults+RMSaveCustomObject.m */,
				DACF16721B074749005445C4 /* RMMapper.h */,
				DACF16731B074749005445C4 /* RMMapper.m */,
			);
			path = RMMapper;
			sourceTree = "<group>";
		};
/* End PBXGroup section */

/* Begin PBXNativeTarget section */
		DA855ED61AF8FFB5005CF033 /* ShantouMuseum */ = {
			isa = PBXNativeTarget;
			buildConfigurationList = DA855EFA1AF8FFB5005CF033 /* Build configuration list for PBXNativeTarget "ShantouMuseum" */;
			buildPhases = (
				3740F138471C7D5FC6F9065A /* Check Pods Manifest.lock */,
				DA855ED31AF8FFB5005CF033 /* Sources */,
				DA855ED41AF8FFB5005CF033 /* Frameworks */,
				DA855ED51AF8FFB5005CF033 /* Resources */,
				B99A9978268DEC3D3DD3556D /* Copy Pods Resources */,
			);
			buildRules = (
			);
			dependencies = (
			);
			name = ShantouMuseum;
			productName = ShantouMuseum;
			productReference = DA855ED71AF8FFB5005CF033 /* ShantouMuseum.app */;
			productType = "com.apple.product-type.application";
		};
		DA855EEF1AF8FFB5005CF033 /* ShantouMuseumTests */ = {
			isa = PBXNativeTarget;
			buildConfigurationList = DA855EFD1AF8FFB5005CF033 /* Build configuration list for PBXNativeTarget "ShantouMuseumTests" */;
			buildPhases = (
				DA855EEC1AF8FFB5005CF033 /* Sources */,
				DA855EED1AF8FFB5005CF033 /* Frameworks */,
				DA855EEE1AF8FFB5005CF033 /* Resources */,
			);
			buildRules = (
			);
			dependencies = (
				DA855EF21AF8FFB5005CF033 /* PBXTargetDependency */,
			);
			name = ShantouMuseumTests;
			productName = ShantouMuseumTests;
			productReference = DA855EF01AF8FFB5005CF033 /* ShantouMuseumTests.xctest */;
			productType = "com.apple.product-type.bundle.unit-test";
		};
/* End PBXNativeTarget section */

/* Begin PBXProject section */
		DA855ECF1AF8FFB5005CF033 /* Project object */ = {
			isa = PBXProject;
			attributes = {
				LastUpgradeCheck = 0630;
				ORGANIZATIONNAME = Home;
				TargetAttributes = {
					DA855ED61AF8FFB5005CF033 = {
						CreatedOnToolsVersion = 6.3.1;
						DevelopmentTeam = LZ4SUTPVG9;
					};
					DA855EEF1AF8FFB5005CF033 = {
						CreatedOnToolsVersion = 6.3.1;
						TestTargetID = DA855ED61AF8FFB5005CF033;
					};
				};
			};
			buildConfigurationList = DA855ED21AF8FFB5005CF033 /* Build configuration list for PBXProject "ShantouMuseum" */;
			compatibilityVersion = "Xcode 3.2";
			developmentRegion = English;
			hasScannedForEncodings = 0;
			knownRegions = (
				en,
				Base,
			);
			mainGroup = DA855ECE1AF8FFB5005CF033;
			productRefGroup = DA855ED81AF8FFB5005CF033 /* Products */;
			projectDirPath = "";
			projectRoot = "";
			targets = (
				DA855ED61AF8FFB5005CF033 /* ShantouMuseum */,
				DA855EEF1AF8FFB5005CF033 /* ShantouMuseumTests */,
			);
		};
/* End PBXProject section */

/* Begin PBXResourcesBuildPhase section */
		DA855ED51AF8FFB5005CF033 /* Resources */ = {
			isa = PBXResourcesBuildPhase;
			buildActionMask = 2147483647;
			files = (
				DA3FB3E41C0355FF00B2F206 /* PlayButtonOverlayLarge.png in Resources */,
				DA3FB3DC1C0355FF00B2F206 /* ImageSelectedOn@2x.png in Resources */,
				DA3FB3F31C0355FF00B2F206 /* VideoOverlay.png in Resources */,
				DA3FB3E91C0355FF00B2F206 /* PlayButtonOverlayLargeTap@3x.png in Resources */,
				DA3FB3EA1C0355FF00B2F206 /* UIBarButtonItemArrowLeft.png in Resources */,
				DA3FB3DD1C0355FF00B2F206 /* ImageSelectedOn@3x.png in Resources */,
				DA3FB3E21C0355FF00B2F206 /* ImageSelectedSmallOn@2x.png in Resources */,
				DA3FB3DE1C0355FF00B2F206 /* ImageSelectedSmallOff.png in Resources */,
				DA3FB3D91C0355FF00B2F206 /* ImageSelectedOff@2x.png in Resources */,
				DA3FB3DF1C0355FF00B2F206 /* ImageSelectedSmallOff@2x.png in Resources */,
				DA3FB3EC1C0355FF00B2F206 /* UIBarButtonItemArrowLeft@3x.png in Resources */,
				DA3FB3D71C0355FF00B2F206 /* ImageError@3x.png in Resources */,
				DA855EE61AF8FFB5005CF033 /* Main.storyboard in Resources */,
				DA3FB3E51C0355FF00B2F206 /* PlayButtonOverlayLarge@2x.png in Resources */,
				DA3FB3ED1C0355FF00B2F206 /* UIBarButtonItemArrowRight.png in Resources */,
				DA3FB3F51C0355FF00B2F206 /* VideoOverlay@3x.png in Resources */,
				DA3FB3F01C0355FF00B2F206 /* UIBarButtonItemGrid.png in Resources */,
				DA855EEB1AF8FFB5005CF033 /* LaunchScreen.xib in Resources */,
				DA3FB3F21C0355FF00B2F206 /* UIBarButtonItemGrid@3x.png in Resources */,
				DA3FB3D51C0355FF00B2F206 /* ImageError.png in Resources */,
				DA3FB3EF1C0355FF00B2F206 /* UIBarButtonItemArrowRight@3x.png in Resources */,
				DA3FB3E61C0355FF00B2F206 /* PlayButtonOverlayLarge@3x.png in Resources */,
				DA3FB3D61C0355FF00B2F206 /* ImageError@2x.png in Resources */,
				DA3FB3F61C0355FF00B2F206 /* .gitkeep in Resources */,
				DA3FB3E01C0355FF00B2F206 /* ImageSelectedSmallOff@3x.png in Resources */,
				DA855EE81AF8FFB5005CF033 /* lmage.xcassets in Resources */,
				DA3FB3E31C0355FF00B2F206 /* ImageSelectedSmallOn@3x.png in Resources */,
				DA3FB3EB1C0355FF00B2F206 /* UIBarButtonItemArrowLeft@2x.png in Resources */,
				DA3FB3EE1C0355FF00B2F206 /* UIBarButtonItemArrowRight@2x.png in Resources */,
				DA3FB3F11C0355FF00B2F206 /* UIBarButtonItemGrid@2x.png in Resources */,
				DA3FB3D81C0355FF00B2F206 /* ImageSelectedOff.png in Resources */,
				DA3FB3F41C0355FF00B2F206 /* VideoOverlay@2x.png in Resources */,
				DA3FB3E81C0355FF00B2F206 /* PlayButtonOverlayLargeTap@2x.png in Resources */,
				DA3FB3DB1C0355FF00B2F206 /* ImageSelectedOn.png in Resources */,
				DA3FB3DA1C0355FF00B2F206 /* ImageSelectedOff@3x.png in Resources */,
				DA3FB3D41C0355FF00B2F206 /* .gitkeep in Resources */,
				DA3FB3E71C0355FF00B2F206 /* PlayButtonOverlayLargeTap.png in Resources */,
				DA3FB3E11C0355FF00B2F206 /* ImageSelectedSmallOn.png in Resources */,
			);
			runOnlyForDeploymentPostprocessing = 0;
		};
		DA855EEE1AF8FFB5005CF033 /* Resources */ = {
			isa = PBXResourcesBuildPhase;
			buildActionMask = 2147483647;
			files = (
			);
			runOnlyForDeploymentPostprocessing = 0;
		};
/* End PBXResourcesBuildPhase section */

/* Begin PBXShellScriptBuildPhase section */
		3740F138471C7D5FC6F9065A /* Check Pods Manifest.lock */ = {
			isa = PBXShellScriptBuildPhase;
			buildActionMask = 2147483647;
			files = (
			);
			inputPaths = (
			);
			name = "Check Pods Manifest.lock";
			outputPaths = (
			);
			runOnlyForDeploymentPostprocessing = 0;
			shellPath = /bin/sh;
			shellScript = "diff \"${PODS_ROOT}/../Podfile.lock\" \"${PODS_ROOT}/Manifest.lock\" > /dev/null\nif [[ $? != 0 ]] ; then\n    cat << EOM\nerror: The sandbox is not in sync with the Podfile.lock. Run 'pod install' or update your CocoaPods installation.\nEOM\n    exit 1\nfi\n";
			showEnvVarsInLog = 0;
		};
		B99A9978268DEC3D3DD3556D /* Copy Pods Resources */ = {
			isa = PBXShellScriptBuildPhase;
			buildActionMask = 2147483647;
			files = (
			);
			inputPaths = (
			);
			name = "Copy Pods Resources";
			outputPaths = (
			);
			runOnlyForDeploymentPostprocessing = 0;
			shellPath = /bin/sh;
			shellScript = "\"${SRCROOT}/Pods/Target Support Files/Pods/Pods-resources.sh\"\n";
			showEnvVarsInLog = 0;
		};
/* End PBXShellScriptBuildPhase section */

/* Begin PBXSourcesBuildPhase section */
		DA855ED31AF8FFB5005CF033 /* Sources */ = {
			isa = PBXSourcesBuildPhase;
			buildActionMask = 2147483647;
			files = (
				DA7867281B0B845B005414A7 /* TFHppleElement.m in Sources */,
				DA95987F1B00FCDD00D49D42 /* TrunkViewController.m in Sources */,
				DA7867291B0B845B005414A7 /* XPathQuery.m in Sources */,
				DA3FB3FB1C0355FF00B2F206 /* MWPhotoBrowser.m in Sources */,
				DACF16751B074749005445C4 /* NSObject+RMCopyable.m in Sources */,
				DA3FB3FA1C0355FF00B2F206 /* MWPhoto.m in Sources */,
				DACF16741B074749005445C4 /* NSObject+RMArchivable.m in Sources */,
				DA3FB3FF1C0355FF00B2F206 /* UIImage+MWPhotoBrowser.m in Sources */,
				DACF16771B074749005445C4 /* RMMapper.m in Sources */,
				DA3FB3FC1C0355FF00B2F206 /* MWTapDetectingImageView.m in Sources */,
				DACF16761B074749005445C4 /* NSUserDefaults+RMSaveCustomObject.m in Sources */,
				DAD3099F1B330C6F00409C5C /* UITools.m in Sources */,
				DABD0AD01B1B0726008D9015 /* ScanBarViewController.m in Sources */,
				DA3FB3F71C0355FF00B2F206 /* MWCaptionView.m in Sources */,
				DA855EE01AF8FFB5005CF033 /* AppDelegate.m in Sources */,
				DA3FB3FD1C0355FF00B2F206 /* MWTapDetectingView.m in Sources */,
				DA82AFE61AFF621E0088BF7A /* WelcomeViewController.m in Sources */,
				DAB588601B039348009AE32A /* WebContentViewController.m in Sources */,
				DA95986E1AFF8B4200D49D42 /* CollectionTripletLayout.m in Sources */,
				DA8560671AF90760005CF033 /* AppData.m in Sources */,
				DA855F041AF903F3005CF033 /* MainViewController.m in Sources */,
				DACF15731B04DA07005445C4 /* ImageListViewController.m in Sources */,
				DA9598B41B02418900D49D42 /* ChildTrunkViewController.m in Sources */,
				DA5AE3E51BFF634E008E598E /* JHCollectionViewTripletLayout.m in Sources */,
				DABD0AD71B1B25C6008D9015 /* ScanWebView.m in Sources */,
				DA85606A1AF90760005CF033 /* RequestWrapper.m in Sources */,
				DA3FB3FE1C0355FF00B2F206 /* MWZoomingScrollView.m in Sources */,
				DA9598711AFF939E00D49D42 /* Image.m in Sources */,
				DA9598741AFF94E500D49D42 /* ContentNode.m in Sources */,
				DA7867271B0B845B005414A7 /* TFHpple.m in Sources */,
				DA9598AE1B02273E00D49D42 /* LeafListViewController.m in Sources */,
				DA855EDD1AF8FFB5005CF033 /* main.m in Sources */,
				DA3FB3F91C0355FF00B2F206 /* MWGridViewController.m in Sources */,
				DA82AFDF1AFE22980088BF7A /* ChannelTree.m in Sources */,
				DAD3099A1B32F93700409C5C /* Reachability.m in Sources */,
				DA8560691AF90760005CF033 /* GlobalInstance.m in Sources */,
				DA3FB3F81C0355FF00B2F206 /* MWGridCell.m in Sources */,
				DA5AE3E41BFF634E008E598E /* JHCollectionViewReorderableTripletLayout.m in Sources */,
			);
			runOnlyForDeploymentPostprocessing = 0;
		};
		DA855EEC1AF8FFB5005CF033 /* Sources */ = {
			isa = PBXSourcesBuildPhase;
			buildActionMask = 2147483647;
			files = (
				DA855EF71AF8FFB5005CF033 /* ShantouMuseumTests.m in Sources */,
			);
			runOnlyForDeploymentPostprocessing = 0;
		};
/* End PBXSourcesBuildPhase section */

/* Begin PBXTargetDependency section */
		DA855EF21AF8FFB5005CF033 /* PBXTargetDependency */ = {
			isa = PBXTargetDependency;
			target = DA855ED61AF8FFB5005CF033 /* ShantouMuseum */;
			targetProxy = DA855EF11AF8FFB5005CF033 /* PBXContainerItemProxy */;
		};
/* End PBXTargetDependency section */

/* Begin PBXVariantGroup section */
		DA855EE41AF8FFB5005CF033 /* Main.storyboard */ = {
			isa = PBXVariantGroup;
			children = (
				DA855EE51AF8FFB5005CF033 /* Base */,
			);
			name = Main.storyboard;
			sourceTree = "<group>";
		};
		DA855EE91AF8FFB5005CF033 /* LaunchScreen.xib */ = {
			isa = PBXVariantGroup;
			children = (
				DA855EEA1AF8FFB5005CF033 /* Base */,
			);
			name = LaunchScreen.xib;
			sourceTree = "<group>";
		};
/* End PBXVariantGroup section */

/* Begin XCBuildConfiguration section */
		DA855EF81AF8FFB5005CF033 /* Debug */ = {
			isa = XCBuildConfiguration;
			buildSettings = {
				ALWAYS_SEARCH_USER_PATHS = NO;
				CLANG_CXX_LANGUAGE_STANDARD = "gnu++0x";
				CLANG_CXX_LIBRARY = "libc++";
				CLANG_ENABLE_MODULES = YES;
				CLANG_ENABLE_OBJC_ARC = YES;
				CLANG_WARN_BOOL_CONVERSION = YES;
				CLANG_WARN_CONSTANT_CONVERSION = YES;
				CLANG_WARN_DIRECT_OBJC_ISA_USAGE = YES_ERROR;
				CLANG_WARN_EMPTY_BODY = YES;
				CLANG_WARN_ENUM_CONVERSION = YES;
				CLANG_WARN_INT_CONVERSION = YES;
				CLANG_WARN_OBJC_ROOT_CLASS = YES_ERROR;
				CLANG_WARN_UNREACHABLE_CODE = YES;
				CLANG_WARN__DUPLICATE_METHOD_MATCH = YES;
				CODE_SIGN_IDENTITY = "iPhone Developer: Jiahui Zhou (KXXFRVWMU9)";
				"CODE_SIGN_IDENTITY[sdk=*]" = "iPhone Developer: Jiahui Zhou (KXXFRVWMU9)";
				COPY_PHASE_STRIP = NO;
				DEBUG_INFORMATION_FORMAT = "dwarf-with-dsym";
				ENABLE_STRICT_OBJC_MSGSEND = YES;
				GCC_C_LANGUAGE_STANDARD = gnu99;
				GCC_DYNAMIC_NO_PIC = NO;
				GCC_NO_COMMON_BLOCKS = YES;
				GCC_OPTIMIZATION_LEVEL = 0;
				GCC_PREPROCESSOR_DEFINITIONS = (
					"DEBUG=1",
					"$(inherited)",
				);
				GCC_SYMBOLS_PRIVATE_EXTERN = NO;
				GCC_WARN_64_TO_32_BIT_CONVERSION = YES;
				GCC_WARN_ABOUT_RETURN_TYPE = YES_ERROR;
				GCC_WARN_UNDECLARED_SELECTOR = YES;
				GCC_WARN_UNINITIALIZED_AUTOS = YES_AGGRESSIVE;
				GCC_WARN_UNUSED_FUNCTION = YES;
				GCC_WARN_UNUSED_VARIABLE = YES;
				IPHONEOS_DEPLOYMENT_TARGET = 7.1;
				MTL_ENABLE_DEBUG_INFO = YES;
				ONLY_ACTIVE_ARCH = YES;
				PROVISIONING_PROFILE = "d39211c4-ba4f-4a37-af82-5892f7c03256";
				SDKROOT = "iphoneos 7.1";
			};
			name = Debug;
		};
		DA855EF91AF8FFB5005CF033 /* Release */ = {
			isa = XCBuildConfiguration;
			buildSettings = {
				ALWAYS_SEARCH_USER_PATHS = NO;
				CLANG_CXX_LANGUAGE_STANDARD = "gnu++0x";
				CLANG_CXX_LIBRARY = "libc++";
				CLANG_ENABLE_MODULES = YES;
				CLANG_ENABLE_OBJC_ARC = YES;
				CLANG_WARN_BOOL_CONVERSION = YES;
				CLANG_WARN_CONSTANT_CONVERSION = YES;
				CLANG_WARN_DIRECT_OBJC_ISA_USAGE = YES_ERROR;
				CLANG_WARN_EMPTY_BODY = YES;
				CLANG_WARN_ENUM_CONVERSION = YES;
				CLANG_WARN_INT_CONVERSION = YES;
				CLANG_WARN_OBJC_ROOT_CLASS = YES_ERROR;
				CLANG_WARN_UNREACHABLE_CODE = YES;
				CLANG_WARN__DUPLICATE_METHOD_MATCH = YES;
				CODE_SIGN_IDENTITY = "iPhone Developer: Jiahui Zhou (KXXFRVWMU9)";
				"CODE_SIGN_IDENTITY[sdk=iphoneos*]" = "iPhone Developer: Jiahui Zhou (KXXFRVWMU9)";
				COPY_PHASE_STRIP = NO;
				DEBUG_INFORMATION_FORMAT = "dwarf-with-dsym";
				ENABLE_NS_ASSERTIONS = NO;
				ENABLE_STRICT_OBJC_MSGSEND = YES;
				GCC_C_LANGUAGE_STANDARD = gnu99;
				GCC_NO_COMMON_BLOCKS = YES;
				GCC_WARN_64_TO_32_BIT_CONVERSION = YES;
				GCC_WARN_ABOUT_RETURN_TYPE = YES_ERROR;
				GCC_WARN_UNDECLARED_SELECTOR = YES;
				GCC_WARN_UNINITIALIZED_AUTOS = YES_AGGRESSIVE;
				GCC_WARN_UNUSED_FUNCTION = YES;
				GCC_WARN_UNUSED_VARIABLE = YES;
				IPHONEOS_DEPLOYMENT_TARGET = 7.1;
				MTL_ENABLE_DEBUG_INFO = NO;
				PROVISIONING_PROFILE = "d39211c4-ba4f-4a37-af82-5892f7c03256";
				SDKROOT = "iphoneos 7.1";
				VALIDATE_PRODUCT = YES;
			};
			name = Release;
		};
		DA855EFB1AF8FFB5005CF033 /* Debug */ = {
			isa = XCBuildConfiguration;
			baseConfigurationReference = D69EFA28B2C8E4E57836D7D3 /* Pods.debug.xcconfig */;
			buildSettings = {
				ASSETCATALOG_COMPILER_APPICON_NAME = AppIcon;
				ASSETCATALOG_COMPILER_LAUNCHIMAGE_NAME = LaunchImage;
				CODE_SIGN_IDENTITY = "iPhone Developer: Jiahui Zhou (KXXFRVWMU9)";
				"CODE_SIGN_IDENTITY[sdk=*]" = "iPhone Developer: Jiahui Zhou (KXXFRVWMU9)";
				"CODE_SIGN_IDENTITY[sdk=iphoneos*]" = "iPhone Developer: Jiahui Zhou (KXXFRVWMU9)";
				FRAMEWORK_SEARCH_PATHS = "$(inherited)";
				GCC_PRECOMPILE_PREFIX_HEADER = YES;
				GCC_PREFIX_HEADER = "$(SRCROOT)/ShantouMuseum/ShantouMuseum.pch";
				GCC_VERSION = "";
				HEADER_SEARCH_PATHS = (
					"$(inherited)",
					"$(SDKROOT)/usr/include/libxml2",
				);
				INFOPLIST_FILE = ShantouMuseum/Info.plist;
				IPHONEOS_DEPLOYMENT_TARGET = 7.1;
				LD_RUNPATH_SEARCH_PATHS = "$(inherited) @executable_path/Frameworks";
				LIBRARY_SEARCH_PATHS = "$(inherited)";
				PRODUCT_NAME = "$(TARGET_NAME)";
				PROVISIONING_PROFILE = "d39211c4-ba4f-4a37-af82-5892f7c03256";
				SDKROOT = "iphoneos 7.1";
			};
			name = Debug;
		};
		DA855EFC1AF8FFB5005CF033 /* Release */ = {
			isa = XCBuildConfiguration;
			baseConfigurationReference = C4C4D9534141C71090DFC185 /* Pods.release.xcconfig */;
			buildSettings = {
				ASSETCATALOG_COMPILER_APPICON_NAME = AppIcon;
				ASSETCATALOG_COMPILER_LAUNCHIMAGE_NAME = LaunchImage;
				CODE_SIGN_IDENTITY = "iPhone Developer: Jiahui Zhou (KXXFRVWMU9)";
				"CODE_SIGN_IDENTITY[sdk=iphoneos*]" = "iPhone Developer: Jiahui Zhou (KXXFRVWMU9)";
				FRAMEWORK_SEARCH_PATHS = "$(inherited)";
				GCC_PRECOMPILE_PREFIX_HEADER = YES;
				GCC_PREFIX_HEADER = "$(SRCROOT)/ShantouMuseum/ShantouMuseum.pch";
				GCC_VERSION = "";
				HEADER_SEARCH_PATHS = (
					"$(inherited)",
					"$(SDKROOT)/usr/include/libxml2",
				);
				INFOPLIST_FILE = ShantouMuseum/Info.plist;
				IPHONEOS_DEPLOYMENT_TARGET = 7.1;
				LD_RUNPATH_SEARCH_PATHS = "$(inherited) @executable_path/Frameworks";
				LIBRARY_SEARCH_PATHS = "$(inherited)";
				PRODUCT_NAME = "$(TARGET_NAME)";
				PROVISIONING_PROFILE = "d39211c4-ba4f-4a37-af82-5892f7c03256";
				SDKROOT = "iphoneos 7.1";
			};
			name = Release;
		};
		DA855EFE1AF8FFB5005CF033 /* Debug */ = {
			isa = XCBuildConfiguration;
			buildSettings = {
				BUNDLE_LOADER = "$(TEST_HOST)";
				FRAMEWORK_SEARCH_PATHS = (
					"$(SDKROOT)/Developer/Library/Frameworks",
					"$(inherited)",
				);
				GCC_PREPROCESSOR_DEFINITIONS = (
					"DEBUG=1",
					"$(inherited)",
				);
				INFOPLIST_FILE = ShantouMuseumTests/Info.plist;
				LD_RUNPATH_SEARCH_PATHS = "$(inherited) @executable_path/Frameworks @loader_path/Frameworks";
				PRODUCT_NAME = "$(TARGET_NAME)";
				TEST_HOST = "$(BUILT_PRODUCTS_DIR)/ShantouMuseum.app/ShantouMuseum";
			};
			name = Debug;
		};
		DA855EFF1AF8FFB5005CF033 /* Release */ = {
			isa = XCBuildConfiguration;
			buildSettings = {
				BUNDLE_LOADER = "$(TEST_HOST)";
				FRAMEWORK_SEARCH_PATHS = (
					"$(SDKROOT)/Developer/Library/Frameworks",
					"$(inherited)",
				);
				INFOPLIST_FILE = ShantouMuseumTests/Info.plist;
				LD_RUNPATH_SEARCH_PATHS = "$(inherited) @executable_path/Frameworks @loader_path/Frameworks";
				PRODUCT_NAME = "$(TARGET_NAME)";
				TEST_HOST = "$(BUILT_PRODUCTS_DIR)/ShantouMuseum.app/ShantouMuseum";
			};
			name = Release;
		};
/* End XCBuildConfiguration section */

/* Begin XCConfigurationList section */
		DA855ED21AF8FFB5005CF033 /* Build configuration list for PBXProject "ShantouMuseum" */ = {
			isa = XCConfigurationList;
			buildConfigurations = (
				DA855EF81AF8FFB5005CF033 /* Debug */,
				DA855EF91AF8FFB5005CF033 /* Release */,
			);
			defaultConfigurationIsVisible = 0;
			defaultConfigurationName = Release;
		};
		DA855EFA1AF8FFB5005CF033 /* Build configuration list for PBXNativeTarget "ShantouMuseum" */ = {
			isa = XCConfigurationList;
			buildConfigurations = (
				DA855EFB1AF8FFB5005CF033 /* Debug */,
				DA855EFC1AF8FFB5005CF033 /* Release */,
			);
			defaultConfigurationIsVisible = 0;
			defaultConfigurationName = Release;
		};
		DA855EFD1AF8FFB5005CF033 /* Build configuration list for PBXNativeTarget "ShantouMuseumTests" */ = {
			isa = XCConfigurationList;
			buildConfigurations = (
				DA855EFE1AF8FFB5005CF033 /* Debug */,
				DA855EFF1AF8FFB5005CF033 /* Release */,
			);
			defaultConfigurationIsVisible = 0;
			defaultConfigurationName = Release;
		};
/* End XCConfigurationList section */
	};
	rootObject = DA855ECF1AF8FFB5005CF033 /* Project object */;
}
